{
  "name": "pixi-experimental",
  "version": "1.0.0",
  "lockfileVersion": 1,
  "requires": true,
  "dependencies": {
    "@pixi/accessibility": {
      "version": "6.0.2",
      "resolved": "https://registry.npmjs.org/@pixi/accessibility/-/accessibility-6.0.2.tgz",
      "integrity": "sha512-zHJcrGmpphnqjUQr+5HhcoInuKxZu3PxGl/NRgTC5gpWp259D0LBPT7k3Lt45r4kruDCMUGpMZVb1s46IZniSQ==",
      "requires": {
        "@pixi/canvas-renderer": "6.0.2",
        "@pixi/core": "6.0.2",
        "@pixi/display": "6.0.2",
        "@pixi/utils": "6.0.2"
      }
    },
    "@pixi/app": {
      "version": "6.0.2",
      "resolved": "https://registry.npmjs.org/@pixi/app/-/app-6.0.2.tgz",
      "integrity": "sha512-zHCzO0K5jJ48ngbH4FpdYJh1LxuGn9mJSIOF8YorqXFt+3drM9R9/qGGfSGdA9O7rW0O0uIkSndQwPXIlOIsUA==",
      "requires": {
        "@pixi/core": "6.0.2",
        "@pixi/display": "6.0.2"
      }
    },
    "@pixi/canvas-renderer": {
      "version": "6.0.2",
      "resolved": "https://registry.npmjs.org/@pixi/canvas-renderer/-/canvas-renderer-6.0.2.tgz",
      "integrity": "sha512-SL3pLxAjEQdVN8Tp/p2svciKeA0DRH7HhlO95frVwxzvG4Z3GGYU39f3ejtCaLPqLGzEJmLND7lbIXh0b+Ornw==",
      "requires": {
        "@pixi/constants": "6.0.2",
        "@pixi/core": "6.0.2",
        "@pixi/math": "6.0.2",
        "@pixi/settings": "6.0.2",
        "@pixi/utils": "6.0.2"
      }
    },
    "@pixi/compressed-textures": {
      "version": "6.0.2",
      "resolved": "https://registry.npmjs.org/@pixi/compressed-textures/-/compressed-textures-6.0.2.tgz",
      "integrity": "sha512-SDuCLn/IEo8j1O+OYPVYy3Dz8+jAXLPdJsMYfs4GOGhsQWZ9js5bfLXWuwr6QRPOXoR3e8zb9qC3co8149pNLg==",
      "requires": {
        "@pixi/constants": "6.0.2",
        "@pixi/core": "6.0.2",
        "@pixi/loaders": "6.0.2"
      }
    },
    "@pixi/constants": {
      "version": "6.0.2",
      "resolved": "https://registry.npmjs.org/@pixi/constants/-/constants-6.0.2.tgz",
      "integrity": "sha512-4GSVKWr+qtjTj8IpRjXSnpkhF944ybjTSz9FnoqZZJgFxh/+9r53StHEGtKoK+BsSrmqbGzWax9krfc620KcLA=="
    },
    "@pixi/core": {
      "version": "6.0.2",
      "resolved": "https://registry.npmjs.org/@pixi/core/-/core-6.0.2.tgz",
      "integrity": "sha512-Bz0WQDncrXuLEjU6pX5INrCLd5UorgBfufgysQzncOITIER4sZjAq5R/mCS1M3d4mGFhXZQyMyQK+O4LacWvOQ==",
      "requires": {
        "@pixi/constants": "6.0.2",
        "@pixi/math": "6.0.2",
        "@pixi/runner": "6.0.2",
        "@pixi/settings": "6.0.2",
        "@pixi/ticker": "6.0.2",
        "@pixi/utils": "6.0.2"
      }
    },
    "@pixi/display": {
      "version": "6.0.2",
      "resolved": "https://registry.npmjs.org/@pixi/display/-/display-6.0.2.tgz",
      "integrity": "sha512-5qJxwT07McA7EK2yFhqvAjEJpap4Xa2hUCRDfsxl+Fu1Y3zDNBKI7HB8+mWZdYtSnnh5fJxrrw5lPo4HX7M+6w==",
      "requires": {
        "@pixi/math": "6.0.2",
        "@pixi/settings": "6.0.2",
        "@pixi/utils": "6.0.2"
      }
    },
    "@pixi/extract": {
      "version": "6.0.2",
      "resolved": "https://registry.npmjs.org/@pixi/extract/-/extract-6.0.2.tgz",
      "integrity": "sha512-vGrewyLREzZOGAjcJO60s7oDm8ATbJOB5KyxuJXOSmIuhEmP69ohmxt1Rk6W8nfUS5m3gYU2KsY//RfDghHzVA==",
      "requires": {
        "@pixi/core": "6.0.2",
        "@pixi/math": "6.0.2",
        "@pixi/utils": "6.0.2"
      }
    },
    "@pixi/filter-alpha": {
      "version": "6.0.2",
      "resolved": "https://registry.npmjs.org/@pixi/filter-alpha/-/filter-alpha-6.0.2.tgz",
      "integrity": "sha512-fk7I2mCdQLbt9KrxiCd1103okSoNGXnxa1uY1V66jouSo51IXB3PkNEIFbET/cYOM7kKiMui20sYath1g596ag==",
      "requires": {
        "@pixi/core": "6.0.2"
      }
    },
    "@pixi/filter-blur": {
      "version": "6.0.2",
      "resolved": "https://registry.npmjs.org/@pixi/filter-blur/-/filter-blur-6.0.2.tgz",
      "integrity": "sha512-FzaIl4l10lOW4+1SWFjLvK3MtH66zBG1SEa/cMUcVOfwZRIrg5pY3X842kZhNErm42yr9N2xBtKwwVBqQRbV8w==",
      "requires": {
        "@pixi/core": "6.0.2",
        "@pixi/settings": "6.0.2"
      }
    },
    "@pixi/filter-color-matrix": {
      "version": "6.0.2",
      "resolved": "https://registry.npmjs.org/@pixi/filter-color-matrix/-/filter-color-matrix-6.0.2.tgz",
      "integrity": "sha512-zOKdURfQFBIqknpisG1Ow7BiYD7zVTAHU/Y4aPNBFwcAxET/fKFDB8vJFztO1g0C4v05ivjVXmvAuIAjlXdOhw==",
      "requires": {
        "@pixi/core": "6.0.2"
      }
    },
    "@pixi/filter-displacement": {
      "version": "6.0.2",
      "resolved": "https://registry.npmjs.org/@pixi/filter-displacement/-/filter-displacement-6.0.2.tgz",
      "integrity": "sha512-ozhpQ0YkGxsMDzE8u/zTYp0LZ52VBM849iCIqY/WSVZkjeNYB0XhUZdI/7RMDPMVfiQSENimacEpsOgzsOIPSA==",
      "requires": {
        "@pixi/core": "6.0.2",
        "@pixi/math": "6.0.2"
      }
    },
    "@pixi/filter-fxaa": {
      "version": "6.0.2",
      "resolved": "https://registry.npmjs.org/@pixi/filter-fxaa/-/filter-fxaa-6.0.2.tgz",
      "integrity": "sha512-dkX2udy4CqUuAS5yEu3udzdCbpZVdHgoVEksSiFiGzyC17uexkHaunQAgLb2UFGmjbdLT4Vk2FIrgM3+sMWQ3w==",
      "requires": {
        "@pixi/core": "6.0.2"
      }
    },
    "@pixi/filter-noise": {
      "version": "6.0.2",
      "resolved": "https://registry.npmjs.org/@pixi/filter-noise/-/filter-noise-6.0.2.tgz",
      "integrity": "sha512-UnaRYV06qWe7ytBHZ8hK6ZH8Bnqhwtuhoj86pAv0Jhc8EXwcKC2wLT7JDFxBnjB1GwJuWDYnNrQpPsyRQsHNiA==",
      "requires": {
        "@pixi/core": "6.0.2"
      }
    },
    "@pixi/graphics": {
      "version": "6.0.2",
      "resolved": "https://registry.npmjs.org/@pixi/graphics/-/graphics-6.0.2.tgz",
      "integrity": "sha512-/hONnNsWIo8O/0yQf2voBRi0aLnt7RXHXiYLb1d0bMkfYVHbn6r+TYZsz/mjOC1MRW+B0Bkh5ZxRWOgF3IpCiA==",
      "requires": {
        "@pixi/constants": "6.0.2",
        "@pixi/core": "6.0.2",
        "@pixi/display": "6.0.2",
        "@pixi/math": "6.0.2",
        "@pixi/sprite": "6.0.2",
        "@pixi/utils": "6.0.2"
      }
    },
    "@pixi/interaction": {
      "version": "6.0.2",
      "resolved": "https://registry.npmjs.org/@pixi/interaction/-/interaction-6.0.2.tgz",
      "integrity": "sha512-YRT1reJXISgAf1+lRECpchR7+MUcGA/vdC612oG0fbrONCI0r1jMwMjdEcTnuMzZrzfSGL6yz0pkhIjWMjuY0g==",
      "requires": {
        "@pixi/core": "6.0.2",
        "@pixi/display": "6.0.2",
        "@pixi/math": "6.0.2",
        "@pixi/ticker": "6.0.2",
        "@pixi/utils": "6.0.2"
      }
    },
    "@pixi/loaders": {
      "version": "6.0.2",
      "resolved": "https://registry.npmjs.org/@pixi/loaders/-/loaders-6.0.2.tgz",
      "integrity": "sha512-ir71du5YOoH/NW8/rNwQ5br+YCVcKWUAltsUaQfTCMLjPzaT8nHtsBiy/krQIGNus179l1h7NfGrSOK/RU936Q==",
      "requires": {
        "@pixi/constants": "6.0.2",
        "@pixi/core": "6.0.2",
        "@pixi/utils": "6.0.2",
        "resource-loader": "^3.0.1"
      }
    },
    "@pixi/math": {
      "version": "6.0.2",
      "resolved": "https://registry.npmjs.org/@pixi/math/-/math-6.0.2.tgz",
      "integrity": "sha512-eA4VmqkWTUSRl1iYIu3sCitbg8+QfohU0Zk/61J1s0pzWtLjMECkrlcwiFfCxwNU7MhkOATQ53dxgmNtBa77zw=="
    },
    "@pixi/mesh": {
      "version": "6.0.2",
      "resolved": "https://registry.npmjs.org/@pixi/mesh/-/mesh-6.0.2.tgz",
      "integrity": "sha512-Sc3VrB7/MQ4/Ju86Cks43pJlw6bH0o/SXm/UgIkW7B2cYQMdffcWwt3bOvdyeiChNJWN6308m9VtU0Dx+5xalA==",
      "requires": {
        "@pixi/constants": "6.0.2",
        "@pixi/core": "6.0.2",
        "@pixi/display": "6.0.2",
        "@pixi/math": "6.0.2",
        "@pixi/settings": "6.0.2",
        "@pixi/utils": "6.0.2"
      }
    },
    "@pixi/mesh-extras": {
      "version": "6.0.2",
      "resolved": "https://registry.npmjs.org/@pixi/mesh-extras/-/mesh-extras-6.0.2.tgz",
      "integrity": "sha512-Q2O3/MR5ghMx95N2DnvYbyDL6aK9fU5cxLy6nEAd/i4iNyBA/XIfC7iB6WY207OyF9PIjPedT5Ha1SSSiujhAA==",
      "requires": {
        "@pixi/constants": "6.0.2",
        "@pixi/core": "6.0.2",
        "@pixi/math": "6.0.2",
        "@pixi/mesh": "6.0.2",
        "@pixi/utils": "6.0.2"
      }
    },
    "@pixi/mixin-cache-as-bitmap": {
      "version": "6.0.2",
      "resolved": "https://registry.npmjs.org/@pixi/mixin-cache-as-bitmap/-/mixin-cache-as-bitmap-6.0.2.tgz",
      "integrity": "sha512-GBS/s1sf01AWmWBiFD9ppx/20EZMGYvJ2vq/fK/7jmTRA1gTJVI9UA/Suhx3n2KVe7szRDHBAgKKuMjC0W4q7w==",
      "requires": {
        "@pixi/canvas-renderer": "6.0.2",
        "@pixi/core": "6.0.2",
        "@pixi/display": "6.0.2",
        "@pixi/math": "6.0.2",
        "@pixi/settings": "6.0.2",
        "@pixi/sprite": "6.0.2",
        "@pixi/utils": "6.0.2"
      }
    },
    "@pixi/mixin-get-child-by-name": {
      "version": "6.0.2",
      "resolved": "https://registry.npmjs.org/@pixi/mixin-get-child-by-name/-/mixin-get-child-by-name-6.0.2.tgz",
      "integrity": "sha512-qQ+cqOXX50FG3DyuOS69iVc9uOox93ARJoBoh1d3aYwHMUg45oBTyX6xv3suquvPTDcLnKGrJeiHQ/c/xw7tRw==",
      "requires": {
        "@pixi/display": "6.0.2"
      }
    },
    "@pixi/mixin-get-global-position": {
      "version": "6.0.2",
      "resolved": "https://registry.npmjs.org/@pixi/mixin-get-global-position/-/mixin-get-global-position-6.0.2.tgz",
      "integrity": "sha512-waO1D/asjNorJpE+hdJqCg1gnfqOVIUf2mZmKWfS4jW/OPvhbAR1pX6uXP2uZ6yLoK/Ft94x9faMjuDeqxMdFg==",
      "requires": {
        "@pixi/display": "6.0.2",
        "@pixi/math": "6.0.2"
      }
    },
    "@pixi/particles": {
      "version": "6.0.2",
      "resolved": "https://registry.npmjs.org/@pixi/particles/-/particles-6.0.2.tgz",
      "integrity": "sha512-Z0vAjqmCGXrdwBmdiC7I4Flv0QQ0q4GxC1lqymT58KhA//GiZOLYp0FuK5RojslLrUu7w5MAfUWwLq7gruu2cQ==",
      "requires": {
        "@pixi/constants": "6.0.2",
        "@pixi/core": "6.0.2",
        "@pixi/display": "6.0.2",
        "@pixi/math": "6.0.2",
        "@pixi/utils": "6.0.2"
      }
    },
    "@pixi/polyfill": {
      "version": "6.0.2",
      "resolved": "https://registry.npmjs.org/@pixi/polyfill/-/polyfill-6.0.2.tgz",
      "integrity": "sha512-PD+d3kGPPKoYgkSQ/xT8U3y12T4StkcpCK6QfFy6k+dkWHzGcQI1aE46Vw6tZ+ZkFi5nRUTNk9C3VlwWt/Fdfw==",
      "requires": {
        "object-assign": "^4.1.1",
        "promise-polyfill": "^8.2.0"
      }
    },
    "@pixi/prepare": {
      "version": "6.0.2",
      "resolved": "https://registry.npmjs.org/@pixi/prepare/-/prepare-6.0.2.tgz",
      "integrity": "sha512-bmVE/6qV7Psd3EhumLdeAH7MmU3VpuUcnbyDhrmrJrUmfbqrXiMApCLqGSYjMHQI/abZwFQ0vMgDQhx9dfG8wA==",
      "requires": {
        "@pixi/core": "6.0.2",
        "@pixi/display": "6.0.2",
        "@pixi/graphics": "6.0.2",
        "@pixi/settings": "6.0.2",
        "@pixi/text": "6.0.2",
        "@pixi/ticker": "6.0.2"
      }
    },
    "@pixi/runner": {
      "version": "6.0.2",
      "resolved": "https://registry.npmjs.org/@pixi/runner/-/runner-6.0.2.tgz",
      "integrity": "sha512-HcaDuwT+kconUZJh9gzGy166R/0hWkgXpLX0mqUYo5qPKmhiC+balJsiha6IIV6Ckg5c5IX2GQBSkXJrEDlOMg=="
    },
    "@pixi/settings": {
      "version": "6.0.2",
      "resolved": "https://registry.npmjs.org/@pixi/settings/-/settings-6.0.2.tgz",
      "integrity": "sha512-hZMZIKDsqpf2qtVAnZvemGcFw1ujkZb/r4nVn4/hYeyZLK63I5IpQKEPPK9NMicTM697V+BRoMbWqbrlubiLKw==",
      "requires": {
        "ismobilejs": "^1.1.0"
      }
    },
    "@pixi/sound": {
      "version": "4.0.1",
      "resolved": "https://registry.npmjs.org/@pixi/sound/-/sound-4.0.1.tgz",
      "integrity": "sha512-L+QA9PczRm5LQfMY608AjLE92L1B3n8EFJwCE5Ss2Gyz+jqlj0jw/LxtKTMjiW4xkHzY4hmZY+kUvDGHcIONoA=="
    },
    "@pixi/sprite": {
      "version": "6.0.2",
      "resolved": "https://registry.npmjs.org/@pixi/sprite/-/sprite-6.0.2.tgz",
      "integrity": "sha512-I9FHX0zxvfVg/L6hZVRX9kpsdbbxLu9KhN8kdJmDR+RGxuoxGrnboTx5VgT3AW0rYJvwp47VneQTKVVMjat11A==",
      "requires": {
        "@pixi/constants": "6.0.2",
        "@pixi/core": "6.0.2",
        "@pixi/display": "6.0.2",
        "@pixi/math": "6.0.2",
        "@pixi/settings": "6.0.2",
        "@pixi/utils": "6.0.2"
      }
    },
    "@pixi/sprite-animated": {
      "version": "6.0.2",
      "resolved": "https://registry.npmjs.org/@pixi/sprite-animated/-/sprite-animated-6.0.2.tgz",
      "integrity": "sha512-OSINySJ1uk/iaD4Yk/3czRlitTMVIEgzgvqzSZL+GcqHqzc3lW/BpZ31+so+W/4Yv7KckzBJdB++GvsAfAU0kA==",
      "requires": {
        "@pixi/core": "6.0.2",
        "@pixi/sprite": "6.0.2",
        "@pixi/ticker": "6.0.2"
      }
    },
    "@pixi/sprite-tiling": {
      "version": "6.0.2",
      "resolved": "https://registry.npmjs.org/@pixi/sprite-tiling/-/sprite-tiling-6.0.2.tgz",
      "integrity": "sha512-tauohq//qEZirTM5A6pLKUIUgBPp1qTxjrI4lpFp4scalehAdR04dPe3a9JMr7uwmPiskQIB5/LZX7sMtl3jpg==",
      "requires": {
        "@pixi/constants": "6.0.2",
        "@pixi/core": "6.0.2",
        "@pixi/display": "6.0.2",
        "@pixi/math": "6.0.2",
        "@pixi/sprite": "6.0.2",
        "@pixi/utils": "6.0.2"
      }
    },
    "@pixi/spritesheet": {
      "version": "6.0.2",
      "resolved": "https://registry.npmjs.org/@pixi/spritesheet/-/spritesheet-6.0.2.tgz",
      "integrity": "sha512-gWVxx0uWKaNtcj1beLZw0vvogDgmerct+oSA0pU6A3b20pDMrAPc90EuOEOOQ/xxxrHfpIY00IIXsUmAmmA0Zg==",
      "requires": {
        "@pixi/core": "6.0.2",
        "@pixi/loaders": "6.0.2",
        "@pixi/math": "6.0.2",
        "@pixi/utils": "6.0.2"
      }
    },
    "@pixi/text": {
      "version": "6.0.2",
      "resolved": "https://registry.npmjs.org/@pixi/text/-/text-6.0.2.tgz",
      "integrity": "sha512-XBhiwLeuL8dBsPwXMDOq9O0JxZcOA2l0aOnFs2O2fZPLL4gkvyquZA+s95C6bGZMR+6j0xtFIQDCsBQCZl1A/g==",
      "requires": {
        "@pixi/core": "6.0.2",
        "@pixi/math": "6.0.2",
        "@pixi/settings": "6.0.2",
        "@pixi/sprite": "6.0.2",
        "@pixi/utils": "6.0.2"
      }
    },
    "@pixi/text-bitmap": {
      "version": "6.0.2",
      "resolved": "https://registry.npmjs.org/@pixi/text-bitmap/-/text-bitmap-6.0.2.tgz",
      "integrity": "sha512-wT3JUp/Y1+B979UpIMibV3Cir0Tb1oi5Sc1r6FPr51KUfFxHMj6Q7+OV1YxJvSMoaKLK6efImfMXGKAKYtVXMQ==",
      "requires": {
        "@pixi/core": "6.0.2",
        "@pixi/display": "6.0.2",
        "@pixi/loaders": "6.0.2",
        "@pixi/math": "6.0.2",
        "@pixi/mesh": "6.0.2",
        "@pixi/settings": "6.0.2",
        "@pixi/text": "6.0.2",
        "@pixi/utils": "6.0.2"
      }
    },
    "@pixi/ticker": {
      "version": "6.0.2",
      "resolved": "https://registry.npmjs.org/@pixi/ticker/-/ticker-6.0.2.tgz",
      "integrity": "sha512-oBZTfId0D+hDbDCaYvREclI7jvIAmcaxd7iaOPcELHcPPyJ+ym+4hggsXSIchXeeFYasLjI5bfqJPzzL6IasTg==",
      "requires": {
        "@pixi/settings": "6.0.2"
      }
    },
    "@pixi/utils": {
      "version": "6.0.2",
      "resolved": "https://registry.npmjs.org/@pixi/utils/-/utils-6.0.2.tgz",
      "integrity": "sha512-jx3ZYJ29mTJSqBPQbDUPPorsPXiGOQzL6IIW5vwE05LekYmwocR8b48vLYKdbr8XdyOQ7Eqe43PodiwCLjuWvA==",
      "requires": {
        "@pixi/constants": "6.0.2",
        "@pixi/settings": "6.0.2",
        "@types/earcut": "^2.1.0",
        "earcut": "^2.2.2",
        "eventemitter3": "^3.1.0",
        "url": "^0.11.0"
      }
    },
    "@slimio/is": {
      "version": "1.5.1",
      "resolved": "https://registry.npmjs.org/@slimio/is/-/is-1.5.1.tgz",
      "integrity": "sha512-xQ0AgodIE8nHYy508AVmpxqnIr/Ytyz5Xm7I6NQU33+RvDzs94T9c0dTnUWuariByLr1geXXe6kMaTM9TcOIEA==",
      "dev": true
    },
    "@types/earcut": {
      "version": "2.1.1",
      "resolved": "https://registry.npmjs.org/@types/earcut/-/earcut-2.1.1.tgz",
      "integrity": "sha512-w8oigUCDjElRHRRrMvn/spybSMyX8MTkKA5Dv+tS1IE/TgmNZPqUYtvYBXGY8cieSE66gm+szeK+bnbxC2xHTQ=="
    },
    "ansi-styles": {
      "version": "1.0.0",
      "resolved": "https://registry.npmjs.org/ansi-styles/-/ansi-styles-1.0.0.tgz",
      "integrity": "sha1-yxAt8cVvUSPquLZ817mAJ6AnkXg=",
      "dev": true
    },
    "astring": {
      "version": "1.7.4",
      "resolved": "https://registry.npmjs.org/astring/-/astring-1.7.4.tgz",
      "integrity": "sha512-WiVqDJV0AayUUH65FfUrbnBO4KD10854cyU49lK30+2n/lEkJDRqBKj/2fYGhZSD3uIt1H1VfW/pQtO07kR2Xg==",
      "dev": true
    },
    "async": {
      "version": "2.6.3",
      "resolved": "https://registry.npmjs.org/async/-/async-2.6.3.tgz",
      "integrity": "sha512-zflvls11DCy+dQWzTW2dzuilv8Z5X/pjfmZOWba6TNIVDm+2UDaJmXSOXlasHKfNBs8oo3M0aT50fDEWfKZjXg==",
      "dev": true,
      "requires": {
        "lodash": "^4.17.14"
      }
    },
    "at-least-node": {
      "version": "1.0.0",
      "resolved": "https://registry.npmjs.org/at-least-node/-/at-least-node-1.0.0.tgz",
      "integrity": "sha512-+q/t7Ekv1EDY2l6Gda6LLiX14rU9TV20Wa3ofeQmwPFZbOMo9DXrLbOjFaaclkXKWidIaopwAObQDqwWtGUjqg==",
      "dev": true
    },
    "basic-auth": {
      "version": "1.1.0",
      "resolved": "https://registry.npmjs.org/basic-auth/-/basic-auth-1.1.0.tgz",
      "integrity": "sha1-RSIe5Cn37h5QNb4/UVM/HN/SmIQ=",
      "dev": true
    },
    "bindings": {
      "version": "1.5.0",
      "resolved": "https://registry.npmjs.org/bindings/-/bindings-1.5.0.tgz",
      "integrity": "sha512-p2q/t/mhvuOj/UeLlV6566GD/guowlr0hHxClI0W9m7MWYkL1F0hLo+0Aexs9HSPCtR1SXQ0TD3MMKrXZajbiQ==",
      "dev": true,
      "requires": {
        "file-uri-to-path": "1.0.0"
      }
    },
    "call-bind": {
      "version": "1.0.2",
      "resolved": "https://registry.npmjs.org/call-bind/-/call-bind-1.0.2.tgz",
      "integrity": "sha512-7O+FbCihrB5WGbFYesctwmTKae6rOiIzmz1icreWJ+0aA7LJfuqhEso2T9ncpcFtzMQtzXf2QGGueWJGTYsqrA==",
      "dev": true,
      "requires": {
        "function-bind": "^1.1.1",
        "get-intrinsic": "^1.0.2"
      }
    },
    "chalk": {
      "version": "0.4.0",
      "resolved": "https://registry.npmjs.org/chalk/-/chalk-0.4.0.tgz",
      "integrity": "sha1-UZmj3c0MHv4jvAjBsCewYXbgxk8=",
      "dev": true,
      "requires": {
        "ansi-styles": "~1.0.0",
        "has-color": "~0.1.0",
        "strip-ansi": "~0.1.0"
      }
    },
    "colors": {
      "version": "1.4.0",
      "resolved": "https://registry.npmjs.org/colors/-/colors-1.4.0.tgz",
      "integrity": "sha512-a+UqTh4kgZg/SlGvfbzDHpgRu7AAQOmmqRHJnxhRZICKFUT91brVhNNt58CMWU9PsBbv3PDCZUHbVxuDiH2mtA==",
      "dev": true
    },
    "corser": {
      "version": "2.0.1",
      "resolved": "https://registry.npmjs.org/corser/-/corser-2.0.1.tgz",
      "integrity": "sha1-jtolLsqrWEDc2XXOuQ2TcMgZ/4c=",
      "dev": true
    },
    "cross-env": {
      "version": "7.0.3",
      "resolved": "https://registry.npmjs.org/cross-env/-/cross-env-7.0.3.tgz",
      "integrity": "sha512-+/HKd6EgcQCJGh2PSjZuUitQBQynKor4wrFbRg4DtAgS1aWO+gU52xpH7M9ScGgXSYmAVS9bIJ8EzuaGw0oNAw==",
      "dev": true,
      "requires": {
        "cross-spawn": "^7.0.1"
      }
    },
    "cross-spawn": {
      "version": "7.0.3",
      "resolved": "https://registry.npmjs.org/cross-spawn/-/cross-spawn-7.0.3.tgz",
      "integrity": "sha512-iRDPJKUPVEND7dHPO8rkbOnPpyDygcDFtWjpeWNCgy8WP2rXcxXL8TskReQl6OrB2G7+UJrags1q15Fudc7G6w==",
      "dev": true,
      "requires": {
        "path-key": "^3.1.0",
        "shebang-command": "^2.0.0",
        "which": "^2.0.1"
      }
    },
    "debug": {
      "version": "3.2.7",
      "resolved": "https://registry.npmjs.org/debug/-/debug-3.2.7.tgz",
      "integrity": "sha512-CFjzYYAi4ThfiQvizrFQevTTXHtnCqWfe7x1AhgEscTz6ZbLbfoLRLPugTQyBth6f8ZERVUSyWHFD/7Wu4t1XQ==",
      "dev": true,
      "requires": {
        "ms": "^2.1.1"
      }
    },
    "earcut": {
      "version": "2.2.2",
      "resolved": "https://registry.npmjs.org/earcut/-/earcut-2.2.2.tgz",
      "integrity": "sha512-eZoZPPJcUHnfRZ0PjLvx2qBordSiO8ofC3vt+qACLM95u+4DovnbYNpQtJh0DNsWj8RnxrQytD4WA8gj5cRIaQ=="
    },
    "ecstatic": {
      "version": "3.3.2",
      "resolved": "https://registry.npmjs.org/ecstatic/-/ecstatic-3.3.2.tgz",
      "integrity": "sha512-fLf9l1hnwrHI2xn9mEDT7KIi22UDqA2jaCwyCbSUJh9a1V+LEUSL/JO/6TIz/QyuBURWUHrFL5Kg2TtO1bkkog==",
      "dev": true,
      "requires": {
        "he": "^1.1.1",
        "mime": "^1.6.0",
        "minimist": "^1.1.0",
        "url-join": "^2.0.5"
      }
    },
    "esbuild": {
      "version": "0.11.12",
      "resolved": "https://registry.npmjs.org/esbuild/-/esbuild-0.11.12.tgz",
      "integrity": "sha512-c8cso/1RwVj+fbDvLtUgSG4ZJQ0y9Zdrl6Ot/GAjyy4pdMCHaFnDMts5gqFnWRPLajWtEnI+3hlET4R9fVoZng==",
      "dev": true
    },
    "eventemitter3": {
      "version": "3.1.2",
      "resolved": "https://registry.npmjs.org/eventemitter3/-/eventemitter3-3.1.2.tgz",
      "integrity": "sha512-tvtQIeLVHjDkJYnzf2dgVMxfuSGJeM/7UCG17TT4EumTfNtF+0nebF/4zWOIkCreAbtNqhGEboB6BWrwqNaw4Q=="
    },
    "file-uri-to-path": {
      "version": "1.0.0",
      "resolved": "https://registry.npmjs.org/file-uri-to-path/-/file-uri-to-path-1.0.0.tgz",
      "integrity": "sha512-0Zt+s3L7Vf1biwWZ29aARiVYLx7iMGnEUl9x33fbB/j3jR81u/O2LbqK+Bm1CDSNDKVtJ/YjwY7TUd5SkeLQLw==",
      "dev": true
    },
    "follow-redirects": {
      "version": "1.13.3",
      "resolved": "https://registry.npmjs.org/follow-redirects/-/follow-redirects-1.13.3.tgz",
      "integrity": "sha512-DUgl6+HDzB0iEptNQEXLx/KhTmDb8tZUHSeLqpnjpknR70H0nC2t9N73BK6fN4hOvJ84pKlIQVQ4k5FFlBedKA==",
      "dev": true
    },
    "fontfaceobserver": {
      "version": "2.1.0",
      "resolved": "https://registry.npmjs.org/fontfaceobserver/-/fontfaceobserver-2.1.0.tgz",
      "integrity": "sha512-ReOsO2F66jUa0jmv2nlM/s1MiutJx/srhAe2+TE8dJCMi02ZZOcCTxTCQFr3Yet+uODUtnr4Mewg+tNQ+4V1Ng=="
    },
    "fs-extra": {
      "version": "9.1.0",
      "resolved": "https://registry.npmjs.org/fs-extra/-/fs-extra-9.1.0.tgz",
      "integrity": "sha512-hcg3ZmepS30/7BSFqRvoo3DOMQu7IjqxO5nCDt+zM9XWjb33Wg7ziNT+Qvqbuc3+gWpzO02JubVyk2G4Zvo1OQ==",
      "dev": true,
      "requires": {
        "at-least-node": "^1.0.0",
        "graceful-fs": "^4.2.0",
        "jsonfile": "^6.0.1",
        "universalify": "^2.0.0"
      }
    },
    "function-bind": {
      "version": "1.1.1",
      "resolved": "https://registry.npmjs.org/function-bind/-/function-bind-1.1.1.tgz",
      "integrity": "sha512-yIovAzMX49sF8Yl58fSCWJ5svSLuaibPxXQJFLmBObTuCr0Mf1KiPopGM9NiFjiYBCbfaa2Fh6breQ6ANVTI0A==",
      "dev": true
    },
    "gaze": {
      "version": "0.5.2",
      "resolved": "https://registry.npmjs.org/gaze/-/gaze-0.5.2.tgz",
      "integrity": "sha1-QLcJU30k0dRXZ9takIaJ3+aaxE8=",
      "dev": true,
      "requires": {
        "globule": "~0.1.0"
      }
    },
    "get-intrinsic": {
      "version": "1.1.1",
      "resolved": "https://registry.npmjs.org/get-intrinsic/-/get-intrinsic-1.1.1.tgz",
      "integrity": "sha512-kWZrnVM42QCiEA2Ig1bG8zjoIMOgxWwYCEeNdwY6Tv/cOSeGpcoX4pXHfKUxNKVoArnrEr2e9srnAxxGIraS9Q==",
      "dev": true,
      "requires": {
        "function-bind": "^1.1.1",
        "has": "^1.0.3",
        "has-symbols": "^1.0.1"
      }
    },
    "glob": {
      "version": "3.1.21",
      "resolved": "https://registry.npmjs.org/glob/-/glob-3.1.21.tgz",
      "integrity": "sha1-0p4KBV3qUTj00H7UDomC6DwgZs0=",
      "dev": true,
      "requires": {
        "graceful-fs": "~1.2.0",
        "inherits": "1",
        "minimatch": "~0.2.11"
      },
      "dependencies": {
        "graceful-fs": {
          "version": "1.2.3",
          "resolved": "https://registry.npmjs.org/graceful-fs/-/graceful-fs-1.2.3.tgz",
          "integrity": "sha1-FaSAaldUfLLS2/J/QuiajDRRs2Q=",
          "dev": true
        }
      }
    },
    "globule": {
      "version": "0.1.0",
      "resolved": "https://registry.npmjs.org/globule/-/globule-0.1.0.tgz",
      "integrity": "sha1-2cjt3h2nnRJaFRt5UzuXhnY0auU=",
      "dev": true,
      "requires": {
        "glob": "~3.1.21",
        "lodash": "~1.0.1",
        "minimatch": "~0.2.11"
      },
      "dependencies": {
        "lodash": {
          "version": "1.0.2",
          "resolved": "https://registry.npmjs.org/lodash/-/lodash-1.0.2.tgz",
          "integrity": "sha1-j1dWDIO1n8JwvT1WG2kAQ0MOJVE=",
          "dev": true
        }
      }
    },
    "graceful-fs": {
      "version": "4.2.6",
      "resolved": "https://registry.npmjs.org/graceful-fs/-/graceful-fs-4.2.6.tgz",
      "integrity": "sha512-nTnJ528pbqxYanhpDYsi4Rd8MAeaBA67+RZ10CM1m3bTAVFEDcd5AuA4a6W5YkGZ1iNXHzZz8T6TBKLeBuNriQ==",
      "dev": true
    },
    "has": {
      "version": "1.0.3",
      "resolved": "https://registry.npmjs.org/has/-/has-1.0.3.tgz",
      "integrity": "sha512-f2dvO0VU6Oej7RkWJGrehjbzMAjFp5/VKPp5tTpWIV4JHHZK1/BxbFRtf/siA2SWTe09caDmVtYYzWEIbBS4zw==",
      "dev": true,
      "requires": {
        "function-bind": "^1.1.1"
      }
    },
    "has-color": {
      "version": "0.1.7",
      "resolved": "https://registry.npmjs.org/has-color/-/has-color-0.1.7.tgz",
      "integrity": "sha1-ZxRKUmDDT8PMpnfQQdr1L+e3iy8=",
      "dev": true
    },
    "has-flag": {
      "version": "2.0.0",
      "resolved": "https://registry.npmjs.org/has-flag/-/has-flag-2.0.0.tgz",
      "integrity": "sha1-6CB68cx7MNRGzHC3NLXovhj4jVE=",
      "dev": true
    },
    "has-symbols": {
      "version": "1.0.2",
      "resolved": "https://registry.npmjs.org/has-symbols/-/has-symbols-1.0.2.tgz",
      "integrity": "sha512-chXa79rL/UC2KlX17jo3vRGz0azaWEx5tGqZg5pO3NUyEJVB17dMruQlzCCOfUvElghKcm5194+BCRvi2Rv/Gw==",
      "dev": true
    },
    "he": {
      "version": "1.2.0",
      "resolved": "https://registry.npmjs.org/he/-/he-1.2.0.tgz",
      "integrity": "sha512-F/1DnUGPopORZi0ni+CvrCgHQ5FyEAHRLSApuYWMmrbSwoN2Mn/7k+Gl38gJnR7yyDZk6WLXwiGod1JOWNDKGw==",
      "dev": true
    },
    "hoek": {
      "version": "4.2.1",
      "resolved": "https://registry.npmjs.org/hoek/-/hoek-4.2.1.tgz",
      "integrity": "sha512-QLg82fGkfnJ/4iy1xZ81/9SIJiq1NGFUMGs6ParyjBZr6jW2Ufj/snDqTHixNlHdPNwN2RLVD0Pi3igeK9+JfA==",
      "dev": true
    },
    "http-proxy": {
      "version": "1.18.1",
      "resolved": "https://registry.npmjs.org/http-proxy/-/http-proxy-1.18.1.tgz",
      "integrity": "sha512-7mz/721AbnJwIVbnaSv1Cz3Am0ZLT/UBwkC92VlxhXv/k/BBQfM2fXElQNC27BVGr0uwUpplYPQM9LnaBMR5NQ==",
      "dev": true,
      "requires": {
        "eventemitter3": "^4.0.0",
        "follow-redirects": "^1.0.0",
        "requires-port": "^1.0.0"
      },
      "dependencies": {
        "eventemitter3": {
          "version": "4.0.7",
          "resolved": "https://registry.npmjs.org/eventemitter3/-/eventemitter3-4.0.7.tgz",
          "integrity": "sha512-8guHBZCwKnFhYdHr2ysuRWErTwhoN2X8XELRlrRwpmfeY2jjuUN4taQMsULKUVo1K4DvZl+0pgfyoysHxvmvEw==",
          "dev": true
        }
      }
    },
    "http-server": {
      "version": "0.12.3",
      "resolved": "https://registry.npmjs.org/http-server/-/http-server-0.12.3.tgz",
      "integrity": "sha512-be0dKG6pni92bRjq0kvExtj/NrrAd28/8fCXkaI/4piTwQMSDSLMhWyW0NI1V+DBI3aa1HMlQu46/HjVLfmugA==",
      "dev": true,
      "requires": {
        "basic-auth": "^1.0.3",
        "colors": "^1.4.0",
        "corser": "^2.0.1",
        "ecstatic": "^3.3.2",
        "http-proxy": "^1.18.0",
        "minimist": "^1.2.5",
        "opener": "^1.5.1",
        "portfinder": "^1.0.25",
        "secure-compare": "3.0.1",
        "union": "~0.5.0"
      }
    },
    "inherits": {
      "version": "1.0.2",
      "resolved": "https://registry.npmjs.org/inherits/-/inherits-1.0.2.tgz",
      "integrity": "sha1-ykMJ2t7mtUzAuNJH6NfHoJdb3Js=",
      "dev": true
    },
    "isemail": {
      "version": "3.2.0",
      "resolved": "https://registry.npmjs.org/isemail/-/isemail-3.2.0.tgz",
      "integrity": "sha512-zKqkK+O+dGqevc93KNsbZ/TqTUFd46MwWjYOoMrjIMZ51eU7DtQG3Wmd9SQQT7i7RVnuTPEiYEWHU3MSbxC1Tg==",
      "dev": true,
      "requires": {
        "punycode": "2.x.x"
      },
      "dependencies": {
        "punycode": {
          "version": "2.1.1",
          "resolved": "https://registry.npmjs.org/punycode/-/punycode-2.1.1.tgz",
          "integrity": "sha512-XRsRjdf+j5ml+y/6GKHPZbrF/8p2Yga0JPtdqTIY2Xe5ohJPD9saDJJLPvp9+NSBprVvevdXZybnj2cv8OEd0A==",
          "dev": true
        }
      }
    },
    "isexe": {
      "version": "2.0.0",
      "resolved": "https://registry.npmjs.org/isexe/-/isexe-2.0.0.tgz",
      "integrity": "sha1-6PvzdNxVb/iUehDcsFctYz8s+hA=",
      "dev": true
    },
    "ismobilejs": {
      "version": "1.1.1",
      "resolved": "https://registry.npmjs.org/ismobilejs/-/ismobilejs-1.1.1.tgz",
      "integrity": "sha512-VaFW53yt8QO61k2WJui0dHf4SlL8lxBofUuUmwBo0ljPk0Drz2TiuDW4jo3wDcv41qy/SxrJ+VAzJ/qYqsmzRw=="
    },
    "joi": {
      "version": "13.7.0",
      "resolved": "https://registry.npmjs.org/joi/-/joi-13.7.0.tgz",
      "integrity": "sha512-xuY5VkHfeOYK3Hdi91ulocfuFopwgbSORmIwzcwHKESQhC7w1kD5jaVSPnqDxS2I8t3RZ9omCKAxNwXN5zG1/Q==",
      "dev": true,
      "requires": {
        "hoek": "5.x.x",
        "isemail": "3.x.x",
        "topo": "3.x.x"
      },
      "dependencies": {
        "hoek": {
          "version": "5.0.4",
          "resolved": "https://registry.npmjs.org/hoek/-/hoek-5.0.4.tgz",
          "integrity": "sha512-Alr4ZQgoMlnere5FZJsIyfIjORBqZll5POhDsF4q64dPuJR6rNxXdDxtHSQq8OXRurhmx+PWYEE8bXRROY8h0w==",
          "dev": true
        }
      }
    },
    "jsonfile": {
      "version": "6.1.0",
      "resolved": "https://registry.npmjs.org/jsonfile/-/jsonfile-6.1.0.tgz",
      "integrity": "sha512-5dgndWOriYSm5cnYaJNhalLNDKOqFwyDB/rr1E9ZsGciGvKPs8R2xYGCacuf3z6K1YKDz182fd+fY3cn3pMqXQ==",
      "dev": true,
      "requires": {
        "graceful-fs": "^4.1.6",
        "universalify": "^2.0.0"
      }
    },
    "lit-element": {
      "version": "2.4.0",
      "resolved": "https://registry.npmjs.org/lit-element/-/lit-element-2.4.0.tgz",
      "integrity": "sha512-pBGLglxyhq/Prk2H91nA0KByq/hx/wssJBQFiYqXhGDvEnY31PRGYf1RglVzyLeRysu0IHm2K0P196uLLWmwFg==",
      "requires": {
        "lit-html": "^1.1.1"
      }
    },
    "lit-html": {
      "version": "1.3.0",
      "resolved": "https://registry.npmjs.org/lit-html/-/lit-html-1.3.0.tgz",
      "integrity": "sha512-0Q1bwmaFH9O14vycPHw8C/IeHMk/uSDldVLIefu/kfbTBGIc44KGH6A8p1bDfxUfHdc8q6Ct7kQklWoHgr4t1Q=="
    },
    "lodash": {
      "version": "4.17.21",
      "resolved": "https://registry.npmjs.org/lodash/-/lodash-4.17.21.tgz",
      "integrity": "sha512-v2kDEe57lecTulaDIuNTPy3Ry4gLGJ6Z1O3vE1krgXZNrsQ+LFTGHVxVjcXPs17LhbZVGedAJv8XZ1tvj5FvSg==",
      "dev": true
    },
    "lodash.clonedeep": {
      "version": "4.5.0",
      "resolved": "https://registry.npmjs.org/lodash.clonedeep/-/lodash.clonedeep-4.5.0.tgz",
      "integrity": "sha1-4j8/nE+Pvd6HJSnBBxhXoIblzO8="
    },
    "lodash.get": {
      "version": "4.4.2",
      "resolved": "https://registry.npmjs.org/lodash.get/-/lodash.get-4.4.2.tgz",
      "integrity": "sha1-LRd/ZS+jHpObRDjVNBSZ36OCXpk="
    },
    "lodash.set": {
      "version": "4.3.2",
      "resolved": "https://registry.npmjs.org/lodash.set/-/lodash.set-4.3.2.tgz",
      "integrity": "sha1-2HV7HagH3eJIFrDWqEvqGnYjCyM="
    },
    "lru-cache": {
      "version": "6.0.0",
      "resolved": "https://registry.npmjs.org/lru-cache/-/lru-cache-6.0.0.tgz",
      "integrity": "sha512-Jo6dJ04CmSjuznwJSS3pUeWmd/H0ffTlkXXgwZi+eq1UCmqQwCh+eLsYOYCwY991i2Fah4h1BEMCx4qThGbsiA==",
      "requires": {
        "yallist": "^4.0.0"
      }
    },
    "mime": {
      "version": "1.6.0",
      "resolved": "https://registry.npmjs.org/mime/-/mime-1.6.0.tgz",
      "integrity": "sha512-x0Vn8spI+wuJ1O6S7gnbaQg8Pxh4NNHb7KSINmEWKiPE4RKOplvijn+NkmYmmRgP68mc70j2EbeTFRsrswaQeg==",
      "dev": true
    },
    "mini-signals": {
      "version": "1.2.0",
      "resolved": "https://registry.npmjs.org/mini-signals/-/mini-signals-1.2.0.tgz",
      "integrity": "sha1-RbCAE8X65RokqhqTXNMXye1yHXQ="
    },
    "minimatch": {
      "version": "0.2.14",
      "resolved": "https://registry.npmjs.org/minimatch/-/minimatch-0.2.14.tgz",
      "integrity": "sha1-x054BXT2PG+aCQ6Q775u9TpqdWo=",
      "dev": true,
      "requires": {
        "lru-cache": "2",
        "sigmund": "~1.0.0"
      },
      "dependencies": {
        "lru-cache": {
          "version": "2.7.3",
          "resolved": "https://registry.npmjs.org/lru-cache/-/lru-cache-2.7.3.tgz",
          "integrity": "sha1-bUUk6LlV+V1PW1iFHOId1y+06VI=",
          "dev": true
        }
      }
    },
    "minimist": {
      "version": "1.2.5",
      "resolved": "https://registry.npmjs.org/minimist/-/minimist-1.2.5.tgz",
      "integrity": "sha512-FM9nNUYrRBAELZQT3xeZQ7fmMOBg6nWNmJKTcgsJeaLstP/UODVpGsr5OhXhhXg6f+qtJ8uiZ+PUxkDWcgIXLw==",
      "dev": true
    },
    "mkdirp": {
      "version": "0.5.5",
      "resolved": "https://registry.npmjs.org/mkdirp/-/mkdirp-0.5.5.tgz",
      "integrity": "sha512-NKmAlESf6jMGym1++R0Ra7wvhV+wFW63FaSOFPwRahvea0gMUcGUhVeAg/0BC0wiv9ih5NYPB1Wn1UEI1/L+xQ==",
      "dev": true,
      "requires": {
        "minimist": "^1.2.5"
      }
    },
    "ms": {
      "version": "2.1.3",
      "resolved": "https://registry.npmjs.org/ms/-/ms-2.1.3.tgz",
      "integrity": "sha512-6FlzubTLZG3J2a/NVCAleEhjzq5oxgHyaCU9yYXvcLsvoVaHJq/s5xXI6/XXP6tz7R9xAOtHnSO/tXtF3WRTlA==",
      "dev": true
    },
    "nan": {
      "version": "2.14.2",
      "resolved": "https://registry.npmjs.org/nan/-/nan-2.14.2.tgz",
      "integrity": "sha512-M2ufzIiINKCuDfBSAUr1vWQ+vuVcA9kqx8JJUsbQi6yf1uGRyb7HfpdfUr5qLXf3B/t8dPvcjhKMmlfnP47EzQ==",
      "dev": true
    },
    "node-estree": {
      "version": "3.1.0",
      "resolved": "https://registry.npmjs.org/node-estree/-/node-estree-3.1.0.tgz",
      "integrity": "sha512-Au8RrdfNCbvzT3/POUQjQnArLGpqXpuLrK0fU0acGSynjRA1CFWQ6mExO8HPR7mc9Q4RqemNJg/yTvm3E2nBqw==",
      "dev": true,
      "requires": {
        "@slimio/is": "^1.5.1"
      }
    },
    "node-expat": {
      "version": "2.4.0",
      "resolved": "https://registry.npmjs.org/node-expat/-/node-expat-2.4.0.tgz",
      "integrity": "sha512-X8Y/Zk/izfNgfayeOeUGqze7KlaOwVJ9SDTjHUMKd0hu0aFTRpLlLCBwmx79cTPiQWD24I1YOafF+U+rTvEMfQ==",
      "dev": true,
      "requires": {
        "bindings": "^1.5.0",
        "nan": "^2.13.2"
      }
    },
    "object-assign": {
      "version": "4.1.1",
      "resolved": "https://registry.npmjs.org/object-assign/-/object-assign-4.1.1.tgz",
      "integrity": "sha1-IQmtx5ZYh8/AXLvUQsrIv7s2CGM="
    },
    "object-inspect": {
      "version": "1.9.0",
      "resolved": "https://registry.npmjs.org/object-inspect/-/object-inspect-1.9.0.tgz",
      "integrity": "sha512-i3Bp9iTqwhaLZBxGkRfo5ZbE07BQRT7MGu8+nNgwW9ItGp1TzCTw2DLEoWwjClxBjOFI/hWljTAmYGCEwmtnOw==",
      "dev": true
    },
    "opener": {
      "version": "1.5.2",
      "resolved": "https://registry.npmjs.org/opener/-/opener-1.5.2.tgz",
      "integrity": "sha512-ur5UIdyw5Y7yEj9wLzhqXiy6GZ3Mwx0yGI+5sMn2r0N0v3cKJvUmFH5yPP+WXh9e0xfyzyJX95D8l088DNFj7A==",
      "dev": true
    },
    "parse-uri": {
      "version": "1.0.3",
      "resolved": "https://registry.npmjs.org/parse-uri/-/parse-uri-1.0.3.tgz",
      "integrity": "sha512-upMnGxNcm+45So85HoguwZTVZI9u11i36DdxJfGF2HYWS2eh3TIx7+/tTi7qrEq15qzGkVhsKjesau+kCk48pA=="
    },
    "path-key": {
      "version": "3.1.1",
      "resolved": "https://registry.npmjs.org/path-key/-/path-key-3.1.1.tgz",
      "integrity": "sha512-ojmeN0qd+y0jszEtoY48r0Peq5dwMEkIlCOu6Q5f41lfkswXuKtYrhgoTpLnyIcHm24Uhqx+5Tqm2InSwLhE6Q==",
      "dev": true
    },
    "penner": {
      "version": "0.1.3",
      "resolved": "https://registry.npmjs.org/penner/-/penner-0.1.3.tgz",
      "integrity": "sha1-C4tILU6bOa8vPXw3WSIpuKzClwU="
    },
    "pixi-layers": {
      "version": "0.3.1",
      "resolved": "https://registry.npmjs.org/pixi-layers/-/pixi-layers-0.3.1.tgz",
      "integrity": "sha512-sLqkg4xnlKKjKceTgyNEvb2Fh7A1OmbsZRTHVnnsqMmhkVLVUgRNZX6ZflTne0pgGOal6EXp1bmns4geXZsY7A=="
    },
    "pixi-viewport": {
      "version": "4.23.1",
      "resolved": "https://registry.npmjs.org/pixi-viewport/-/pixi-viewport-4.23.1.tgz",
      "integrity": "sha512-W0wUI25o9UYDu7xexHIjgIlsewc3AKeT7B4h+OcslkuQcYsNsXisc//H2+Xtgvlun8jZAyBxAK0A2GwRgvgzTw==",
      "requires": {
        "penner": "^0.1.3"
      }
    },
    "pixi.js": {
      "version": "6.0.2",
      "resolved": "https://registry.npmjs.org/pixi.js/-/pixi.js-6.0.2.tgz",
      "integrity": "sha512-ioH2+TxyWMwY+nlOgopxfHBBOpB2Wp79LBNCXPP8dIFWH6q70IAKAL++39aK7+MyLvdqwQ+tSnIWuAMNpKPJCw==",
      "requires": {
        "@pixi/accessibility": "6.0.2",
        "@pixi/app": "6.0.2",
        "@pixi/compressed-textures": "6.0.2",
        "@pixi/constants": "6.0.2",
        "@pixi/core": "6.0.2",
        "@pixi/display": "6.0.2",
        "@pixi/extract": "6.0.2",
        "@pixi/filter-alpha": "6.0.2",
        "@pixi/filter-blur": "6.0.2",
        "@pixi/filter-color-matrix": "6.0.2",
        "@pixi/filter-displacement": "6.0.2",
        "@pixi/filter-fxaa": "6.0.2",
        "@pixi/filter-noise": "6.0.2",
        "@pixi/graphics": "6.0.2",
        "@pixi/interaction": "6.0.2",
        "@pixi/loaders": "6.0.2",
        "@pixi/math": "6.0.2",
        "@pixi/mesh": "6.0.2",
        "@pixi/mesh-extras": "6.0.2",
        "@pixi/mixin-cache-as-bitmap": "6.0.2",
        "@pixi/mixin-get-child-by-name": "6.0.2",
        "@pixi/mixin-get-global-position": "6.0.2",
        "@pixi/particles": "6.0.2",
        "@pixi/polyfill": "6.0.2",
        "@pixi/prepare": "6.0.2",
        "@pixi/runner": "6.0.2",
        "@pixi/settings": "6.0.2",
        "@pixi/sprite": "6.0.2",
        "@pixi/sprite-animated": "6.0.2",
        "@pixi/sprite-tiling": "6.0.2",
        "@pixi/spritesheet": "6.0.2",
        "@pixi/text": "6.0.2",
        "@pixi/text-bitmap": "6.0.2",
        "@pixi/ticker": "6.0.2",
        "@pixi/utils": "6.0.2"
      }
    },
    "portfinder": {
      "version": "1.0.28",
      "resolved": "https://registry.npmjs.org/portfinder/-/portfinder-1.0.28.tgz",
      "integrity": "sha512-Se+2isanIcEqf2XMHjyUKskczxbPH7dQnlMjXX6+dybayyHvAf/TCgyMRlzf/B6QDhAEFOGes0pzRo3by4AbMA==",
      "dev": true,
      "requires": {
        "async": "^2.6.2",
        "debug": "^3.1.1",
        "mkdirp": "^0.5.5"
      }
    },
    "promise-polyfill": {
      "version": "8.2.0",
      "resolved": "https://registry.npmjs.org/promise-polyfill/-/promise-polyfill-8.2.0.tgz",
      "integrity": "sha512-k/TC0mIcPVF6yHhUvwAp7cvL6I2fFV7TzF1DuGPI8mBh4QQazf36xCKEHKTZKRysEoTQoQdKyP25J8MPJp7j5g=="
    },
    "punycode": {
      "version": "1.3.2",
      "resolved": "https://registry.npmjs.org/punycode/-/punycode-1.3.2.tgz",
      "integrity": "sha1-llOgNvt8HuQjQvIyXM7v6jkmxI0="
    },
    "qs": {
      "version": "6.10.1",
      "resolved": "https://registry.npmjs.org/qs/-/qs-6.10.1.tgz",
      "integrity": "sha512-M528Hph6wsSVOBiYUnGf+K/7w0hNshs/duGsNXPUCLH5XAqjEtiPGwNONLV0tBH8NoGb0mvD5JubnUTrujKDTg==",
      "dev": true,
      "requires": {
        "side-channel": "^1.0.4"
      }
    },
    "querystring": {
      "version": "0.2.0",
      "resolved": "https://registry.npmjs.org/querystring/-/querystring-0.2.0.tgz",
      "integrity": "sha1-sgmEkgO7Jd+CDadW50cAWHhSFiA="
    },
    "requires-port": {
      "version": "1.0.0",
      "resolved": "https://registry.npmjs.org/requires-port/-/requires-port-1.0.0.tgz",
      "integrity": "sha1-kl0mAdOaxIXgkc8NpcbmlNw9yv8=",
      "dev": true
    },
    "resource-loader": {
      "version": "3.0.1",
      "resolved": "https://registry.npmjs.org/resource-loader/-/resource-loader-3.0.1.tgz",
      "integrity": "sha512-fBuCRbEHdLCI1eglzQhUv9Rrdcmqkydr1r6uHE2cYHvRBrcLXeSmbE/qI/urFt8rPr/IGxir3BUwM5kUK8XoyA==",
      "requires": {
        "mini-signals": "^1.2.0",
        "parse-uri": "^1.0.0"
      }
    },
    "secure-compare": {
      "version": "3.0.1",
      "resolved": "https://registry.npmjs.org/secure-compare/-/secure-compare-3.0.1.tgz",
      "integrity": "sha1-8aAymzCLIh+uN7mXTz1XjQypmeM=",
      "dev": true
    },
    "shebang-command": {
      "version": "2.0.0",
      "resolved": "https://registry.npmjs.org/shebang-command/-/shebang-command-2.0.0.tgz",
      "integrity": "sha512-kHxr2zZpYtdmrN1qDjrrX/Z1rR1kG8Dx+gkpK1G4eXmvXswmcE1hTWBWYUzlraYw1/yZp6YuDY77YtvbN0dmDA==",
      "dev": true,
      "requires": {
        "shebang-regex": "^3.0.0"
      }
    },
    "shebang-regex": {
      "version": "3.0.0",
      "resolved": "https://registry.npmjs.org/shebang-regex/-/shebang-regex-3.0.0.tgz",
      "integrity": "sha512-7++dFhtcx3353uBaq8DDR4NuxBetBzC7ZQOhmTQInHEd6bSrXdiEyzCvG07Z44UYdLShWUyXt5M/yhz8ekcb1A==",
      "dev": true
    },
    "side-channel": {
      "version": "1.0.4",
      "resolved": "https://registry.npmjs.org/side-channel/-/side-channel-1.0.4.tgz",
      "integrity": "sha512-q5XPytqFEIKHkGdiMIrY10mvLRvnQh42/+GoBlFW3b2LXLE2xxJpZFdm94we0BaoV3RwJyGqg5wS7epxTv0Zvw==",
      "dev": true,
      "requires": {
        "call-bind": "^1.0.0",
        "get-intrinsic": "^1.0.2",
        "object-inspect": "^1.9.0"
      }
    },
    "sigmund": {
      "version": "1.0.1",
      "resolved": "https://registry.npmjs.org/sigmund/-/sigmund-1.0.1.tgz",
      "integrity": "sha1-P/IfGYytIXX587eBhT/ZTQ0ZtZA=",
      "dev": true
    },
    "strip-ansi": {
      "version": "0.1.1",
      "resolved": "https://registry.npmjs.org/strip-ansi/-/strip-ansi-0.1.1.tgz",
      "integrity": "sha1-OeipjQRNFQZgq+SmgIrPcLt7yZE=",
      "dev": true
    },
    "supports-color": {
      "version": "4.5.0",
      "resolved": "https://registry.npmjs.org/supports-color/-/supports-color-4.5.0.tgz",
      "integrity": "sha1-vnoN5ITexcXN34s9WRJQRJEvY1s=",
      "dev": true,
      "requires": {
        "has-flag": "^2.0.0"
      }
    },
    "topo": {
      "version": "3.0.3",
      "resolved": "https://registry.npmjs.org/topo/-/topo-3.0.3.tgz",
      "integrity": "sha512-IgpPtvD4kjrJ7CRA3ov2FhWQADwv+Tdqbsf1ZnPUSAtCJ9e1Z44MmoSGDXGk4IppoZA7jd/QRkNddlLJWlUZsQ==",
      "dev": true,
      "requires": {
        "hoek": "6.x.x"
      },
      "dependencies": {
        "hoek": {
          "version": "6.1.3",
          "resolved": "https://registry.npmjs.org/hoek/-/hoek-6.1.3.tgz",
          "integrity": "sha512-YXXAAhmF9zpQbC7LEcREFtXfGq5K1fmd+4PHkBq8NUqmzW3G+Dq10bI/i0KucLRwss3YYFQ0fSfoxBZYiGUqtQ==",
          "dev": true
        }
      }
    },
    "union": {
      "version": "0.5.0",
      "resolved": "https://registry.npmjs.org/union/-/union-0.5.0.tgz",
      "integrity": "sha512-N6uOhuW6zO95P3Mel2I2zMsbsanvvtgn6jVqJv4vbVcz/JN0OkL9suomjQGmWtxJQXOCqUJvquc1sMeNz/IwlA==",
      "dev": true,
      "requires": {
        "qs": "^6.4.0"
      }
    },
    "universalify": {
      "version": "2.0.0",
      "resolved": "https://registry.npmjs.org/universalify/-/universalify-2.0.0.tgz",
      "integrity": "sha512-hAZsKq7Yy11Zu1DE0OzWjw7nnLZmJZYTDZZyEFHZdUhV8FkH5MCfoU1XMaxXovpyW5nq5scPqq0ZDP9Zyl04oQ==",
      "dev": true
    },
    "url": {
      "version": "0.11.0",
      "resolved": "https://registry.npmjs.org/url/-/url-0.11.0.tgz",
      "integrity": "sha1-ODjpfPxgUh63PFJajlW/3Z4uKPE=",
      "requires": {
        "punycode": "1.3.2",
        "querystring": "0.2.0"
      }
    },
    "url-join": {
      "version": "2.0.5",
      "resolved": "https://registry.npmjs.org/url-join/-/url-join-2.0.5.tgz",
      "integrity": "sha1-WvIvGMBSoACkjXuCxenC4v7tpyg=",
      "dev": true
    },
    "verbalize": {
      "version": "0.1.2",
      "resolved": "https://registry.npmjs.org/verbalize/-/verbalize-0.1.2.tgz",
      "integrity": "sha1-Fl/aRkAzFUj46ZCx1+FDletyAgc=",
      "dev": true,
      "requires": {
        "chalk": "~0.4.0"
      }
    },
    "watch-cli": {
      "version": "0.2.3",
      "resolved": "https://registry.npmjs.org/watch-cli/-/watch-cli-0.2.3.tgz",
      "integrity": "sha512-+g6n5J+jimY8hxcoHQaePPNnjmRux0nCN9BztkChx9mOas61rou3nXxTireuOMSPz7sIM7/vk6vG1f85h6Ob2A==",
      "dev": true,
      "requires": {
        "gaze": "^0.5.1",
        "lodash": "^3.5.0",
        "minimist": "^1.1.1",
        "supports-color": "^4.0.0",
        "verbalize": "^0.1.2"
      },
      "dependencies": {
        "lodash": {
          "version": "3.10.1",
          "resolved": "https://registry.npmjs.org/lodash/-/lodash-3.10.1.tgz",
          "integrity": "sha1-W/Rejkm6QYnhfUgnid/RW9FAt7Y=",
          "dev": true
        }
      }
    },
    "which": {
      "version": "2.0.2",
      "resolved": "https://registry.npmjs.org/which/-/which-2.0.2.tgz",
      "integrity": "sha512-BLI3Tl1TW3Pvl70l3yq3Y64i+awpwXqsGBYWkkqMtnbXgrMD+yj7rhW0kuEDxzJaYXGjEW5ogapKNMEKNMjibA==",
      "dev": true,
      "requires": {
        "isexe": "^2.0.0"
      }
    },
    "xml2json": {
      "version": "0.12.0",
      "resolved": "https://registry.npmjs.org/xml2json/-/xml2json-0.12.0.tgz",
      "integrity": "sha512-EPJHRWJnJUYbJlzR4pBhZODwWdi2IaYGtDdteJi0JpZ4OD31IplWALuit8r73dJuM4iHZdDVKY1tLqY2UICejg==",
      "dev": true,
      "requires": {
        "hoek": "^4.2.1",
        "joi": "^13.1.2",
        "node-expat": "^2.3.18"
      }
    },
    "yallist": {
      "version": "4.0.0",
      "resolved": "https://registry.npmjs.org/yallist/-/yallist-4.0.0.tgz",
      "integrity": "sha512-3wdGidZyq5PB084XLES5TpOSRA3wjXAlIWMhum2kRcv/41Sn2emQ0dycQW4uZXLejwKvg6EsvbdlVL+FYEct7A=="
    }
  }
}
